{
  "lockfileVersion": 1,
  "configVersion": 1,
  "workspaces": {
    "": {
      "name": "ethereal-ui",
      "dependencies": {
        "highcharts": "^12.6.0",
        "highcharts-angular": "^5.4.0",
        "tslib": "^2.3.0",
      },
      "peerDependencies": {
        "@angular/cdk": "^21.2.0",
        "@angular/common": "^21.2.0",
        "@angular/core": "^21.2.0",
        "@angular/router": "^21.0.0",
      },
    },
  },
  "packages": {
    "@angular/cdk": ["@angular/cdk@21.2.11", "", { "dependencies": { "parse5": "^8.0.0", "tslib": "^2.3.0" }, "peerDependencies": { "@angular/common": "^21.0.0 || ^22.0.0", "@angular/core": "^21.0.0 || ^22.0.0", "@angular/platform-browser": "^21.0.0 || ^22.0.0", "rxjs": "^6.5.3 || ^7.4.0" } }, "sha512-QS5f0si1LgDQFgxXtpuDr7gBFVSQLl1fdnx3UA6GrzSmuV0sfzBhBq7NlZGxZTDaKy4ZxY34RFx4Bvm1zo+gBA=="],

    "@angular/common": ["@angular/common@21.2.13", "", { "dependencies": { "tslib": "^2.3.0" }, "peerDependencies": { "@angular/core": "21.2.13", "rxjs": "^6.5.3 || ^7.4.0" } }, "sha512-fNvRmGAX0zbsLX/kJjgb6l8HAuGTpfYRNc06taTCIvED2RsRpfwrh79IxYlPBspr+hpFbHa0/kxU6Q5I8V0jKQ=="],

    "@angular/core": ["@angular/core@21.2.13", "", { "dependencies": { "tslib": "^2.3.0" }, "peerDependencies": { "@angular/compiler": "21.2.13", "rxjs": "^6.5.3 || ^7.4.0", "zone.js": "~0.15.0 || ~0.16.0" }, "optionalPeers": ["@angular/compiler", "zone.js"] }, "sha512-23tS4oNL8nvkHcI4l9rbruQs2WS4yqQmBVQxWakqS9cmRpArLGgveR+hKNU5tPXm5EAi8oLO34/Zy7z70jUpCg=="],

    "@angular/platform-browser": ["@angular/platform-browser@21.2.13", "", { "dependencies": { "tslib": "^2.3.0" }, "peerDependencies": { "@angular/animations": "21.2.13", "@angular/common": "21.2.13", "@angular/core": "21.2.13" }, "optionalPeers": ["@angular/animations"] }, "sha512-96rcwLHsklqAYRuS2SEBOUdQS5PLkuUIEEIjpYu4rxU2PVvOMapJEImM/QBxrbwjnCgRbj/CivkgfjiR0R0wSA=="],

    "@angular/router": ["@angular/router@21.2.13", "", { "dependencies": { "tslib": "^2.3.0" }, "peerDependencies": { "@angular/common": "21.2.13", "@angular/core": "21.2.13", "@angular/platform-browser": "21.2.13", "rxjs": "^6.5.3 || ^7.4.0" } }, "sha512-/JXtdhUH/rDGiJmUNrrbs52Aji4sygVCz5HIBujrnj3cjreKam7n98Ufkh0aZvAKybdGd5A8srNUFePzAvfExQ=="],

    "entities": ["entities@8.0.0", "", {}, "sha512-zwfzJecQ/Uej6tusMqwAqU/6KL2XaB2VZ2Jg54Je6ahNBGNH6Ek6g3jjNCF0fG9EWQKGZNddNjU5F1ZQn/sBnA=="],

    "highcharts": ["highcharts@12.6.0", "", { "peerDependencies": { "jspdf": "^4.1.0", "svg2pdf.js": "^2.7.0" }, "optionalPeers": ["jspdf", "svg2pdf.js"] }, "sha512-zWwoXECOakJT2huBMqIZOjDNLLgyZFCcfZqTj2g6cvYOGxjF3nvooC+rIaF5aKiharluyGKNflfRNrzOAIjdRg=="],

    "highcharts-angular": ["highcharts-angular@5.4.0", "", { "dependencies": { "tslib": "^2.0.0" }, "peerDependencies": { "@angular/common": ">=19.0.0", "@angular/core": ">=19.0.0", "highcharts": ">=12.2.0" } }, "sha512-5iHDs1PfJZRD8IdlWHt4FC9Pc94YDN0U7yoHJJUnsqxmWZFl1oCaoeGobdPtmN2Zu7iv4j7I09lvcbq5reCSRA=="],

    "parse5": ["parse5@8.0.1", "", { "dependencies": { "entities": "^8.0.0" } }, "sha512-z1e/HMG90obSGeidlli3hj7cbocou0/wa5HacvI3ASx34PecNjNQeaHNo5WIZpWofN9kgkqV1q5YvXe3F0FoPw=="],

    "rxjs": ["rxjs@7.8.2", "", { "dependencies": { "tslib": "^2.1.0" } }, "sha512-dhKf903U/PQZY6boNNtAGdWbG85WAbjT/1xYoZIC7FAY0yWapOBQVsVrDl58W86//e1VpMNBtRV4MaXfdMySFA=="],

    "tslib": ["tslib@2.8.1", "", {}, "sha512-oJFu94HQb+KVduSUQL7wnpmqnfmLsOA/nAh6b6EH0wCEoK0/mPeXU6c3wKDV83MkOuHPRHtSXKKU99IBazS/2w=="],
  }
}
